
Microsoft Visual Studio Solution File, Format Version 11.00
# Visual Studio 2010
Project("{8BC9CEB8-8B4A-11D0-8D11-00A0C91BC942}") = "DeepScan2", "DeepScan2.vcxproj", "{C83134E3-B6B9-F7C3-C6AC-F3386B78DBAD}"
EndProject
Global
	GlobalSection(SolutionConfigurationPlatforms) = preSolution
		Debug|Win32 = Debug|Win32
		Release|Win32 = Release|Win32
	EndGlobalSection
	GlobalSection(ProjectConfigurationPlatforms) = postSolution
		{C83134E3-B6B9-F7C3-C6AC-F3386B78DBAD}.Debug|Win32.ActiveCfg = Debug|Win32
		{C83134E3-B6B9-F7C3-C6AC-F3386B78DBAD}.Debug|Win32.Build.0 = Debug|Win32
		{C83134E3-B6B9-F7C3-C6AC-F3386B78DBAD}.Release|Win32.ActiveCfg = Release|Win32
		{C83134E3-B6B9-F7C3-C6AC-F3386B78DBAD}.Release|Win32.Build.0 = Release|Win32
	EndGlobalSection
	GlobalSection(SolutionProperties) = preSolution
		HideSolutionNode = FALSE
	EndGlobalSection
EndGlobal
